
Microsoft Visual Studio Solution File, Format Version 12.00
# Visual Studio Version 17
VisualStudioVersion = 17.2.32516.85
MinimumVisualStudioVersion = 10.0.40219.1
Project("{FAE04EC0-301F-11D3-BF4B-00C04F79EFBC}") = "CosmicLoader", "CosmicLoader\CosmicLoader.csproj", "{00863163-44D2-4291-BA6A-A2FB93A52F0C}"
EndProject
Project("{FAE04EC0-301F-11D3-BF4B-00C04F79EFBC}") = "CosmicLoader.Installer", "CosmicLoader.Installer\CosmicLoader.Installer.csproj", "{59741121-DFEE-4E4F-92BD-327F7A5BFD66}"
EndProject
Project("{FAE04EC0-301F-11D3-BF4B-00C04F79EFBC}") = "UMM_Compat", "UMM_Compat\UMM_Compat.csproj", "{ED391B9A-3BB8-4836-9BBF-370A6E19220D}"
EndProject
Global
	GlobalSection(SolutionConfigurationPlatforms) = preSolution
		Debug|Any CPU = Debug|Any CPU
		Release|Any CPU = Release|Any CPU
	EndGlobalSection
	GlobalSection(ProjectConfigurationPlatforms) = postSolution
		{00863163-44D2-4291-BA6A-A2FB93A52F0C}.Debug|Any CPU.ActiveCfg = Debug|Any CPU
		{00863163-44D2-4291-BA6A-A2FB93A52F0C}.Debug|Any CPU.Build.0 = Debug|Any CPU
		{00863163-44D2-4291-BA6A-A2FB93A52F0C}.Release|Any CPU.ActiveCfg = Release|Any CPU
		{00863163-44D2-4291-BA6A-A2FB93A52F0C}.Release|Any CPU.Build.0 = Release|Any CPU
		{59741121-DFEE-4E4F-92BD-327F7A5BFD66}.Debug|Any CPU.ActiveCfg = Debug|Any CPU
		{59741121-DFEE-4E4F-92BD-327F7A5BFD66}.Debug|Any CPU.Build.0 = Debug|Any CPU
		{59741121-DFEE-4E4F-92BD-327F7A5BFD66}.Release|Any CPU.ActiveCfg = Release|Any CPU
		{59741121-DFEE-4E4F-92BD-327F7A5BFD66}.Release|Any CPU.Build.0 = Release|Any CPU
		{ED391B9A-3BB8-4836-9BBF-370A6E19220D}.Debug|Any CPU.ActiveCfg = Debug|Any CPU
		{ED391B9A-3BB8-4836-9BBF-370A6E19220D}.Debug|Any CPU.Build.0 = Debug|Any CPU
		{ED391B9A-3BB8-4836-9BBF-370A6E19220D}.Release|Any CPU.ActiveCfg = Release|Any CPU
		{ED391B9A-3BB8-4836-9BBF-370A6E19220D}.Release|Any CPU.Build.0 = Release|Any CPU
	EndGlobalSection
	GlobalSection(SolutionProperties) = preSolution
		HideSolutionNode = FALSE
	EndGlobalSection
	GlobalSection(ExtensibilityGlobals) = postSolution
		SolutionGuid = {90C59F86-2715-4CD8-A15B-AD096444C84C}
	EndGlobalSection
EndGlobal
